<?xml version="1.0" encoding="utf-8"?>
<Project ToolsVersion="4.0" xmlns="http://schemas.microsoft.com/developer/msbuild/2003">
  <ItemGroup>
    <ClCompile Include="Main.cpp" />
    <ClCompile Include="VirtualBoy.cpp" />
    <ClCompile Include="Nvc.cpp" />
    <ClCompile Include="Vip.cpp" />
  </ItemGroup>
  <ItemGroup>
    <ClInclude Include="Common.h" />
    <ClInclude Include="VirtualBoy.h" />
    <ClInclude Include="Nvc.h" />
    <ClInclude Include="Vip.h" />
  </ItemGroup>
</Project>